
Microsoft Visual Studio Solution File, Format Version 12.00
# Visual Studio 2013
VisualStudioVersion = 12.0.31101.0
MinimumVisualStudioVersion = 10.0.40219.1
Project("{2150E333-8FDC-42A3-9474-1A3956D46DE8}") = "Examples", "Examples", "{94560679-18D2-416F-9446-EA5F0394855A}"
EndProject
Project("{FAE04EC0-301F-11D3-BF4B-00C04F79EFBC}") = "ApplicationAssemblyUtility", "ApplicationAssemblyUtility.csproj", "{A18400E0-C9BD-40D6-BA0D-80BFD4B0B388}"
EndProject
Project("{FAE04EC0-301F-11D3-BF4B-00C04F79EFBC}") = "MvcApplication", "Examples\MvcApplication\MvcApplication.csproj", "{7AA07C9D-17B0-42E8-B42C-5778AE4391FC}"
EndProject
Project("{FAE04EC0-301F-11D3-BF4B-00C04F79EFBC}") = "WebFormsApplication", "Examples\WebFormsApplication\WebFormsApplication.csproj", "{E5039360-A557-4444-B917-A8462163912A}"
EndProject
Project("{FAE04EC0-301F-11D3-BF4B-00C04F79EFBC}") = "ConsoleApplication", "Examples\ConsoleApplication\ConsoleApplication.csproj", "{39A6718C-CA79-4321-B721-74A978B8207F}"
EndProject
Global
	GlobalSection(SolutionConfigurationPlatforms) = preSolution
		Debug|Any CPU = Debug|Any CPU
		Debug|Mixed Platforms = Debug|Mixed Platforms
		Debug|x86 = Debug|x86
		Release|Any CPU = Release|Any CPU
		Release|Mixed Platforms = Release|Mixed Platforms
		Release|x86 = Release|x86
	EndGlobalSection
	GlobalSection(ProjectConfigurationPlatforms) = postSolution
		{A18400E0-C9BD-40D6-BA0D-80BFD4B0B388}.Debug|Any CPU.ActiveCfg = Debug|Any CPU
		{A18400E0-C9BD-40D6-BA0D-80BFD4B0B388}.Debug|Any CPU.Build.0 = Debug|Any CPU
		{A18400E0-C9BD-40D6-BA0D-80BFD4B0B388}.Debug|Mixed Platforms.ActiveCfg = Debug|Any CPU
		{A18400E0-C9BD-40D6-BA0D-80BFD4B0B388}.Debug|Mixed Platforms.Build.0 = Debug|Any CPU
		{A18400E0-C9BD-40D6-BA0D-80BFD4B0B388}.Debug|x86.ActiveCfg = Debug|Any CPU
		{A18400E0-C9BD-40D6-BA0D-80BFD4B0B388}.Release|Any CPU.ActiveCfg = Release|Any CPU
		{A18400E0-C9BD-40D6-BA0D-80BFD4B0B388}.Release|Any CPU.Build.0 = Release|Any CPU
		{A18400E0-C9BD-40D6-BA0D-80BFD4B0B388}.Release|Mixed Platforms.ActiveCfg = Release|Any CPU
		{A18400E0-C9BD-40D6-BA0D-80BFD4B0B388}.Release|Mixed Platforms.Build.0 = Release|Any CPU
		{A18400E0-C9BD-40D6-BA0D-80BFD4B0B388}.Release|x86.ActiveCfg = Release|Any CPU
		{7AA07C9D-17B0-42E8-B42C-5778AE4391FC}.Debug|Any CPU.ActiveCfg = Debug|Any CPU
		{7AA07C9D-17B0-42E8-B42C-5778AE4391FC}.Debug|Any CPU.Build.0 = Debug|Any CPU
		{7AA07C9D-17B0-42E8-B42C-5778AE4391FC}.Debug|Mixed Platforms.ActiveCfg = Debug|Any CPU
		{7AA07C9D-17B0-42E8-B42C-5778AE4391FC}.Debug|Mixed Platforms.Build.0 = Debug|Any CPU
		{7AA07C9D-17B0-42E8-B42C-5778AE4391FC}.Debug|x86.ActiveCfg = Debug|Any CPU
		{7AA07C9D-17B0-42E8-B42C-5778AE4391FC}.Release|Any CPU.ActiveCfg = Release|Any CPU
		{7AA07C9D-17B0-42E8-B42C-5778AE4391FC}.Release|Any CPU.Build.0 = Release|Any CPU
		{7AA07C9D-17B0-42E8-B42C-5778AE4391FC}.Release|Mixed Platforms.ActiveCfg = Release|Any CPU
		{7AA07C9D-17B0-42E8-B42C-5778AE4391FC}.Release|Mixed Platforms.Build.0 = Release|Any CPU
		{7AA07C9D-17B0-42E8-B42C-5778AE4391FC}.Release|x86.ActiveCfg = Release|Any CPU
		{E5039360-A557-4444-B917-A8462163912A}.Debug|Any CPU.ActiveCfg = Debug|Any CPU
		{E5039360-A557-4444-B917-A8462163912A}.Debug|Any CPU.Build.0 = Debug|Any CPU
		{E5039360-A557-4444-B917-A8462163912A}.Debug|Mixed Platforms.ActiveCfg = Debug|Any CPU
		{E5039360-A557-4444-B917-A8462163912A}.Debug|Mixed Platforms.Build.0 = Debug|Any CPU
		{E5039360-A557-4444-B917-A8462163912A}.Debug|x86.ActiveCfg = Debug|Any CPU
		{E5039360-A557-4444-B917-A8462163912A}.Release|Any CPU.ActiveCfg = Release|Any CPU
		{E5039360-A557-4444-B917-A8462163912A}.Release|Any CPU.Build.0 = Release|Any CPU
		{E5039360-A557-4444-B917-A8462163912A}.Release|Mixed Platforms.ActiveCfg = Release|Any CPU
		{E5039360-A557-4444-B917-A8462163912A}.Release|Mixed Platforms.Build.0 = Release|Any CPU
		{E5039360-A557-4444-B917-A8462163912A}.Release|x86.ActiveCfg = Release|Any CPU
		{39A6718C-CA79-4321-B721-74A978B8207F}.Debug|Any CPU.ActiveCfg = Debug|x86
		{39A6718C-CA79-4321-B721-74A978B8207F}.Debug|Mixed Platforms.ActiveCfg = Debug|x86
		{39A6718C-CA79-4321-B721-74A978B8207F}.Debug|Mixed Platforms.Build.0 = Debug|x86
		{39A6718C-CA79-4321-B721-74A978B8207F}.Debug|x86.ActiveCfg = Debug|x86
		{39A6718C-CA79-4321-B721-74A978B8207F}.Debug|x86.Build.0 = Debug|x86
		{39A6718C-CA79-4321-B721-74A978B8207F}.Release|Any CPU.ActiveCfg = Release|x86
		{39A6718C-CA79-4321-B721-74A978B8207F}.Release|Mixed Platforms.ActiveCfg = Release|x86
		{39A6718C-CA79-4321-B721-74A978B8207F}.Release|Mixed Platforms.Build.0 = Release|x86
		{39A6718C-CA79-4321-B721-74A978B8207F}.Release|x86.ActiveCfg = Release|x86
		{39A6718C-CA79-4321-B721-74A978B8207F}.Release|x86.Build.0 = Release|x86
	EndGlobalSection
	GlobalSection(SolutionProperties) = preSolution
		HideSolutionNode = FALSE
	EndGlobalSection
	GlobalSection(NestedProjects) = preSolution
		{7AA07C9D-17B0-42E8-B42C-5778AE4391FC} = {94560679-18D2-416F-9446-EA5F0394855A}
		{E5039360-A557-4444-B917-A8462163912A} = {94560679-18D2-416F-9446-EA5F0394855A}
		{39A6718C-CA79-4321-B721-74A978B8207F} = {94560679-18D2-416F-9446-EA5F0394855A}
	EndGlobalSection
EndGlobal
